<?xml version="1.0" encoding="utf-8"?>
<Project ToolsVersion="4.0" xmlns="http://schemas.microsoft.com/developer/msbuild/2003">
  <ItemGroup>
    <Filter Include="Source Files">
      <UniqueIdentifier>{4FC737F1-C7A5-4376-A066-2A32D752A2FF}</UniqueIdentifier>
      <Extensions>cpp;c;cc;cxx;def;odl;idl;hpj;bat;asm;asmx</Extensions>
    </Filter>
    <Filter Include="Header Files">
      <UniqueIdentifier>{93995380-89BD-4b04-88EB-625FBE52EBFB}</UniqueIdentifier>
      <Extensions>h;hh;hpp;hxx;hm;inl;inc;xsd</Extensions>
    </Filter>
    <Filter Include="Resource Files">
      <UniqueIdentifier>{67DA6AB6-F800-4c08-8B7A-83BB121AAD01}</UniqueIdentifier>
      <Extensions>rc;ico;cur;bmp;dlg;rc2;rct;bin;rgs;gif;jpg;jpeg;jpe;resx;tiff;tif;png;wav</Extensions>
    </Filter>
  </ItemGroup>
  <ItemGroup>
    <ClCompile Include="mesh_demo\demo\devicefind.c">
      <Filter>Source Files</Filter>
    </ClCompile>
    <ClCompile Include="mesh_demo\demo\esp_touch.c">
      <Filter>Source Files</Filter>
    </ClCompile>
    <ClCompile Include="mesh_demo\demo\gpio16.c">
      <Filter>Source Files</Filter>
    </ClCompile>
    <ClCompile Include="mesh_demo\demo\http_post.c">
      <Filter>Source Files</Filter>
    </ClCompile>
    <ClCompile Include="mesh_demo\demo\key.c">
      <Filter>Source Files</Filter>
    </ClCompile>
    <ClCompile Include="mesh_demo\demo\mesh_bin.c">
      <Filter>Source Files</Filter>
    </ClCompile>
    <ClCompile Include="mesh_demo\demo\mesh_demo.c">
      <Filter>Source Files</Filter>
    </ClCompile>
    <ClCompile Include="mesh_demo\demo\mesh_device.c">
      <Filter>Source Files</Filter>
    </ClCompile>
    <ClCompile Include="mesh_demo\demo\mesh_http.c">
      <Filter>Source Files</Filter>
    </ClCompile>
    <ClCompile Include="mesh_demo\demo\mesh_json.c">
      <Filter>Source Files</Filter>
    </ClCompile>
    <ClCompile Include="mesh_demo\demo\mesh_mqtt.c">
      <Filter>Source Files</Filter>
    </ClCompile>
    <ClCompile Include="mesh_demo\demo\mesh_none.c">
      <Filter>Source Files</Filter>
    </ClCompile>
    <ClCompile Include="mesh_demo\demo\mesh_parser.c">
      <Filter>Source Files</Filter>
    </ClCompile>
    <ClCompile Include="mesh_demo\demo\mqtt.c">
      <Filter>Source Files</Filter>
    </ClCompile>
    <ClCompile Include="mesh_demo\demo\mqtt_msg.c">
      <Filter>Source Files</Filter>
    </ClCompile>
    <ClCompile Include="mesh_demo\demo\proto.c">
      <Filter>Source Files</Filter>
    </ClCompile>
    <ClCompile Include="mesh_demo\demo\queue.c">
      <Filter>Source Files</Filter>
    </ClCompile>
    <ClCompile Include="mesh_demo\demo\ringbuf.c">
      <Filter>Source Files</Filter>
    </ClCompile>
    <ClCompile Include="mesh_demo\demo\tcpClient.c">
      <Filter>Source Files</Filter>
    </ClCompile>
    <ClCompile Include="mesh_demo\demo\uart.c">
      <Filter>Source Files</Filter>
    </ClCompile>
    <ClCompile Include="mesh_demo\demo\user_key.c">
      <Filter>Source Files</Filter>
    </ClCompile>
    <ClCompile Include="mesh_demo\demo\user_main.c">
      <Filter>Source Files</Filter>
    </ClCompile>
    <ClCompile Include="mesh_demo\demo\user_mqtt.c">
      <Filter>Source Files</Filter>
    </ClCompile>
    <ClCompile Include="mesh_demo\demo\user_set.c">
      <Filter>Source Files</Filter>
    </ClCompile>
    <ClCompile Include="mesh_demo\demo\user_time.c">
      <Filter>Source Files</Filter>
    </ClCompile>
    <ClCompile Include="mesh_demo\demo\user_upgrade.c">
      <Filter>Source Files</Filter>
    </ClCompile>
    <ClCompile Include="mesh_demo\demo\utils.c">
      <Filter>Source Files</Filter>
    </ClCompile>
    <ClCompile Include="mesh_demo\demo\V9881.c">
      <Filter>Source Files</Filter>
    </ClCompile>
  </ItemGroup>
  <ItemGroup>
    <ClInclude Include="include\c_types.h">
      <Filter>Header Files</Filter>
    </ClInclude>
    <ClInclude Include="include\eagle_soc.h">
      <Filter>Header Files</Filter>
    </ClInclude>
    <ClInclude Include="include\espconn.h">
      <Filter>Header Files</Filter>
    </ClInclude>
    <ClInclude Include="include\ets_sys.h">
      <Filter>Header Files</Filter>
    </ClInclude>
    <ClInclude Include="include\gpio.h">
      <Filter>Header Files</Filter>
    </ClInclude>
    <ClInclude Include="include\gpio16.h">
      <Filter>Header Files</Filter>
    </ClInclude>
    <ClInclude Include="include\i2c_master.h">
      <Filter>Header Files</Filter>
    </ClInclude>
    <ClInclude Include="include\ip_addr.h">
      <Filter>Header Files</Filter>
    </ClInclude>
    <ClInclude Include="include\key.h">
      <Filter>Header Files</Filter>
    </ClInclude>
    <ClInclude Include="include\mem.h">
      <Filter>Header Files</Filter>
    </ClInclude>
    <ClInclude Include="include\mesh.h">
      <Filter>Header Files</Filter>
    </ClInclude>
    <ClInclude Include="include\osapi.h">
      <Filter>Header Files</Filter>
    </ClInclude>
    <ClInclude Include="include\os_type.h">
      <Filter>Header Files</Filter>
    </ClInclude>
    <ClInclude Include="include\ping.h">
      <Filter>Header Files</Filter>
    </ClInclude>
    <ClInclude Include="include\queue.h">
      <Filter>Header Files</Filter>
    </ClInclude>
    <ClInclude Include="include\sdio_slv.h">
      <Filter>Header Files</Filter>
    </ClInclude>
    <ClInclude Include="include\slc_register.h">
      <Filter>Header Files</Filter>
    </ClInclude>
    <ClInclude Include="include\smartconfig.h">
      <Filter>Header Files</Filter>
    </ClInclude>
    <ClInclude Include="include\sntp.h">
      <Filter>Header Files</Filter>
    </ClInclude>
    <ClInclude Include="include\spi.h">
      <Filter>Header Files</Filter>
    </ClInclude>
    <ClInclude Include="include\spi_flash.h">
      <Filter>Header Files</Filter>
    </ClInclude>
    <ClInclude Include="include\spi_interface.h">
      <Filter>Header Files</Filter>
    </ClInclude>
    <ClInclude Include="include\spi_overlap.h">
      <Filter>Header Files</Filter>
    </ClInclude>
    <ClInclude Include="include\spi_register.h">
      <Filter>Header Files</Filter>
    </ClInclude>
    <ClInclude Include="include\uart.h">
      <Filter>Header Files</Filter>
    </ClInclude>
    <ClInclude Include="include\uart_register.h">
      <Filter>Header Files</Filter>
    </ClInclude>
    <ClInclude Include="include\upgrade.h">
      <Filter>Header Files</Filter>
    </ClInclude>
    <ClInclude Include="include\user_interface.h">
      <Filter>Header Files</Filter>
    </ClInclude>
    <ClInclude Include="include\json\json.h">
      <Filter>Header Files</Filter>
    </ClInclude>
    <ClInclude Include="include\json\jsonparse.h">
      <Filter>Header Files</Filter>
    </ClInclude>
    <ClInclude Include="include\json\jsontree.h">
      <Filter>Header Files</Filter>
    </ClInclude>
    <ClInclude Include="mesh_demo\demo\gpio16.h">
      <Filter>Header Files</Filter>
    </ClInclude>
    <ClInclude Include="mesh_demo\demo\user_main.h">
      <Filter>Header Files</Filter>
    </ClInclude>
    <ClInclude Include="mesh_demo\demo\user_time.h">
      <Filter>Header Files</Filter>
    </ClInclude>
    <ClInclude Include="mesh_demo\demo\user_upgrade.h">
      <Filter>Header Files</Filter>
    </ClInclude>
    <ClInclude Include="mesh_demo\include\at_custom.h">
      <Filter>Header Files</Filter>
    </ClInclude>
    <ClInclude Include="mesh_demo\include\debug.h">
      <Filter>Header Files</Filter>
    </ClInclude>
    <ClInclude Include="mesh_demo\include\esp_touch.h">
      <Filter>Header Files</Filter>
    </ClInclude>
    <ClInclude Include="mesh_demo\include\http_post.h">
      <Filter>Header Files</Filter>
    </ClInclude>
    <ClInclude Include="mesh_demo\include\mesh_bin.h">
      <Filter>Header Files</Filter>
    </ClInclude>
    <ClInclude Include="mesh_demo\include\mesh_device.h">
      <Filter>Header Files</Filter>
    </ClInclude>
    <ClInclude Include="mesh_demo\include\mesh_http.h">
      <Filter>Header Files</Filter>
    </ClInclude>
    <ClInclude Include="mesh_demo\include\mesh_json.h">
      <Filter>Header Files</Filter>
    </ClInclude>
    <ClInclude Include="mesh_demo\include\mesh_mqtt.h">
      <Filter>Header Files</Filter>
    </ClInclude>
    <ClInclude Include="mesh_demo\include\mesh_none.h">
      <Filter>Header Files</Filter>
    </ClInclude>
    <ClInclude Include="mesh_demo\include\mesh_parser.h">
      <Filter>Header Files</Filter>
    </ClInclude>
    <ClInclude Include="mesh_demo\include\mqtt.h">
      <Filter>Header Files</Filter>
    </ClInclude>
    <ClInclude Include="mesh_demo\include\mqtt_msg.h">
      <Filter>Header Files</Filter>
    </ClInclude>
    <ClInclude Include="mesh_demo\include\proto.h">
      <Filter>Header Files</Filter>
    </ClInclude>
    <ClInclude Include="mesh_demo\include\queue.h">
      <Filter>Header Files</Filter>
    </ClInclude>
    <ClInclude Include="mesh_demo\include\ringbuf.h">
      <Filter>Header Files</Filter>
    </ClInclude>
    <ClInclude Include="mesh_demo\include\smartconfig.h">
      <Filter>Header Files</Filter>
    </ClInclude>
    <ClInclude Include="mesh_demo\include\tcpclient.h">
      <Filter>Header Files</Filter>
    </ClInclude>
    <ClInclude Include="mesh_demo\include\typedef.h">
      <Filter>Header Files</Filter>
    </ClInclude>
    <ClInclude Include="mesh_demo\include\uart.h">
      <Filter>Header Files</Filter>
    </ClInclude>
    <ClInclude Include="mesh_demo\include\uart_register.h">
      <Filter>Header Files</Filter>
    </ClInclude>
    <ClInclude Include="mesh_demo\include\user_config.h">
      <Filter>Header Files</Filter>
    </ClInclude>
    <ClInclude Include="mesh_demo\include\user_devicefind.h">
      <Filter>Header Files</Filter>
    </ClInclude>
    <ClInclude Include="mesh_demo\include\user_esp_platform.h">
      <Filter>Header Files</Filter>
    </ClInclude>
    <ClInclude Include="mesh_demo\include\user_esp_platform_timer.h">
      <Filter>Header Files</Filter>
    </ClInclude>
    <ClInclude Include="mesh_demo\include\user_iot_version.h">
      <Filter>Header Files</Filter>
    </ClInclude>
    <ClInclude Include="mesh_demo\include\user_json.h">
      <Filter>Header Files</Filter>
    </ClInclude>
    <ClInclude Include="mesh_demo\include\user_key.h">
      <Filter>Header Files</Filter>
    </ClInclude>
    <ClInclude Include="mesh_demo\include\user_light.h">
      <Filter>Header Files</Filter>
    </ClInclude>
    <ClInclude Include="mesh_demo\include\user_light_adj.h">
      <Filter>Header Files</Filter>
    </ClInclude>
    <ClInclude Include="mesh_demo\include\user_mqtt.h">
      <Filter>Header Files</Filter>
    </ClInclude>
    <ClInclude Include="mesh_demo\include\user_plug.h">
      <Filter>Header Files</Filter>
    </ClInclude>
    <ClInclude Include="mesh_demo\include\user_sensor.h">
      <Filter>Header Files</Filter>
    </ClInclude>
    <ClInclude Include="mesh_demo\include\user_set.h">
      <Filter>Header Files</Filter>
    </ClInclude>
    <ClInclude Include="mesh_demo\include\user_webserver.h">
      <Filter>Header Files</Filter>
    </ClInclude>
    <ClInclude Include="mesh_demo\include\utils.h">
      <Filter>Header Files</Filter>
    </ClInclude>
    <ClInclude Include="mesh_demo\include\V9881.h">
      <Filter>Header Files</Filter>
    </ClInclude>
  </ItemGroup>
  <ItemGroup>
    <None Include="bin\blank.bin">
      <Filter>Resource Files</Filter>
    </None>
    <None Include="bin\boot_v1.2.bin">
      <Filter>Resource Files</Filter>
    </None>
    <None Include="bin\boot_v1.4(b1).bin">
      <Filter>Resource Files</Filter>
    </None>
    <None Include="bin\esp_init_data_default.bin">
      <Filter>Resource Files</Filter>
    </None>
    <None Include="bin\upgrade\user1.1024.new.2.bin">
      <Filter>Resource Files</Filter>
    </None>
    <None Include="bin\upgrade\user2.1024.new.2.bin">
      <Filter>Resource Files</Filter>
    </None>
  </ItemGroup>
</Project>